
Microsoft Visual Studio Solution File, Format Version 12.00
# Visual Studio Version 16
VisualStudioVersion = 16.0.29806.167
MinimumVisualStudioVersion = 10.0.40219.1
Project("{9A19103F-16F7-4668-BE54-9A1E7A4F7556}") = "QLNH.Web", "QLNH.Web\QLNH.Web.csproj", "{1F66340A-902E-4D6C-AF70-B39E22467A60}"
EndProject
Project("{9A19103F-16F7-4668-BE54-9A1E7A4F7556}") = "QLNH.Infrastructure", "QLNH.Infrastructure\QLNH.Infrastructure.csproj", "{C56A81A1-D868-42DC-920C-159D9B2F0735}"
EndProject
Project("{9A19103F-16F7-4668-BE54-9A1E7A4F7556}") = "QLNH.Service", "QLNH.Service\QLNH.Service.csproj", "{9E67319C-2F49-4FD3-8622-C20FC8658CDD}"
EndProject
Project("{FAE04EC0-301F-11D3-BF4B-00C04F79EFBC}") = "QLNH.Business", "QLNH.Business\QLNH.Business.csproj", "{6AD6FA0D-44A0-4A5B-9E0A-6C07D9590667}"
EndProject
Global
	GlobalSection(SolutionConfigurationPlatforms) = preSolution
		Debug|Any CPU = Debug|Any CPU
		Release|Any CPU = Release|Any CPU
	EndGlobalSection
	GlobalSection(ProjectConfigurationPlatforms) = postSolution
		{1F66340A-902E-4D6C-AF70-B39E22467A60}.Debug|Any CPU.ActiveCfg = Debug|Any CPU
		{1F66340A-902E-4D6C-AF70-B39E22467A60}.Debug|Any CPU.Build.0 = Debug|Any CPU
		{1F66340A-902E-4D6C-AF70-B39E22467A60}.Release|Any CPU.ActiveCfg = Release|Any CPU
		{1F66340A-902E-4D6C-AF70-B39E22467A60}.Release|Any CPU.Build.0 = Release|Any CPU
		{C56A81A1-D868-42DC-920C-159D9B2F0735}.Debug|Any CPU.ActiveCfg = Debug|Any CPU
		{C56A81A1-D868-42DC-920C-159D9B2F0735}.Debug|Any CPU.Build.0 = Debug|Any CPU
		{C56A81A1-D868-42DC-920C-159D9B2F0735}.Release|Any CPU.ActiveCfg = Release|Any CPU
		{C56A81A1-D868-42DC-920C-159D9B2F0735}.Release|Any CPU.Build.0 = Release|Any CPU
		{9E67319C-2F49-4FD3-8622-C20FC8658CDD}.Debug|Any CPU.ActiveCfg = Debug|Any CPU
		{9E67319C-2F49-4FD3-8622-C20FC8658CDD}.Debug|Any CPU.Build.0 = Debug|Any CPU
		{9E67319C-2F49-4FD3-8622-C20FC8658CDD}.Release|Any CPU.ActiveCfg = Release|Any CPU
		{9E67319C-2F49-4FD3-8622-C20FC8658CDD}.Release|Any CPU.Build.0 = Release|Any CPU
		{6AD6FA0D-44A0-4A5B-9E0A-6C07D9590667}.Debug|Any CPU.ActiveCfg = Debug|Any CPU
		{6AD6FA0D-44A0-4A5B-9E0A-6C07D9590667}.Debug|Any CPU.Build.0 = Debug|Any CPU
		{6AD6FA0D-44A0-4A5B-9E0A-6C07D9590667}.Release|Any CPU.ActiveCfg = Release|Any CPU
		{6AD6FA0D-44A0-4A5B-9E0A-6C07D9590667}.Release|Any CPU.Build.0 = Release|Any CPU
	EndGlobalSection
	GlobalSection(SolutionProperties) = preSolution
		HideSolutionNode = FALSE
	EndGlobalSection
	GlobalSection(ExtensibilityGlobals) = postSolution
		SolutionGuid = {C327D332-D419-4F93-B718-A197E58E6937}
	EndGlobalSection
EndGlobal
